
Microsoft Visual Studio Solution File, Format Version 12.00
# Visual Studio 14
VisualStudioVersion = 14.0.23107.0
MinimumVisualStudioVersion = 10.0.40219.1
Project("{2150E333-8FDC-42A3-9474-1A3956D46DE8}") = "src", "src", "{68CB4268-C177-4F42-BAEE-90E6E14ACE02}"
EndProject
Project("{2150E333-8FDC-42A3-9474-1A3956D46DE8}") = "Solution Items", "Solution Items", "{D6D8B70D-EF93-4A1A-BCE5-7E9B9B854EEC}"
	ProjectSection(SolutionItems) = preProject
		global.json = global.json
	EndProjectSection
EndProject
Project("{8BB2217D-0F2D-49D1-97BC-3654ED321F3B}") = "Study", "src\Study\Study.xproj", "{85BECBBD-003E-4B00-952B-004D5613570F}"
EndProject
Project("{8BB2217D-0F2D-49D1-97BC-3654ED321F3B}") = "Study.Domain", "src\Study.Domain\Study.Domain.xproj", "{A4FF6513-9A87-42C1-A69D-C28A88557508}"
EndProject
Project("{8BB2217D-0F2D-49D1-97BC-3654ED321F3B}") = "Study.Application", "src\Study.Application\Study.Application.xproj", "{D508EADE-2C2C-4778-AA30-846113E8EA26}"
EndProject
Project("{8BB2217D-0F2D-49D1-97BC-3654ED321F3B}") = "Study.Data", "src\Study.Data\Study.Data.xproj", "{06DFB303-2EEE-4350-8E12-34D8E43BAE78}"
EndProject
Project("{8BB2217D-0F2D-49D1-97BC-3654ED321F3B}") = "Study.ViewModel", "src\Study.ViewModel\Study.ViewModel.xproj", "{0AB56109-1676-4EA0-B299-B6F5E090451A}"
EndProject
Global
	GlobalSection(SolutionConfigurationPlatforms) = preSolution
		Debug|Any CPU = Debug|Any CPU
		Release|Any CPU = Release|Any CPU
	EndGlobalSection
	GlobalSection(ProjectConfigurationPlatforms) = postSolution
		{85BECBBD-003E-4B00-952B-004D5613570F}.Debug|Any CPU.ActiveCfg = Debug|Any CPU
		{85BECBBD-003E-4B00-952B-004D5613570F}.Debug|Any CPU.Build.0 = Debug|Any CPU
		{85BECBBD-003E-4B00-952B-004D5613570F}.Release|Any CPU.ActiveCfg = Release|Any CPU
		{85BECBBD-003E-4B00-952B-004D5613570F}.Release|Any CPU.Build.0 = Release|Any CPU
		{A4FF6513-9A87-42C1-A69D-C28A88557508}.Debug|Any CPU.ActiveCfg = Debug|Any CPU
		{A4FF6513-9A87-42C1-A69D-C28A88557508}.Debug|Any CPU.Build.0 = Debug|Any CPU
		{A4FF6513-9A87-42C1-A69D-C28A88557508}.Release|Any CPU.ActiveCfg = Release|Any CPU
		{A4FF6513-9A87-42C1-A69D-C28A88557508}.Release|Any CPU.Build.0 = Release|Any CPU
		{D508EADE-2C2C-4778-AA30-846113E8EA26}.Debug|Any CPU.ActiveCfg = Debug|Any CPU
		{D508EADE-2C2C-4778-AA30-846113E8EA26}.Debug|Any CPU.Build.0 = Debug|Any CPU
		{D508EADE-2C2C-4778-AA30-846113E8EA26}.Release|Any CPU.ActiveCfg = Release|Any CPU
		{D508EADE-2C2C-4778-AA30-846113E8EA26}.Release|Any CPU.Build.0 = Release|Any CPU
		{06DFB303-2EEE-4350-8E12-34D8E43BAE78}.Debug|Any CPU.ActiveCfg = Debug|Any CPU
		{06DFB303-2EEE-4350-8E12-34D8E43BAE78}.Debug|Any CPU.Build.0 = Debug|Any CPU
		{06DFB303-2EEE-4350-8E12-34D8E43BAE78}.Release|Any CPU.ActiveCfg = Release|Any CPU
		{06DFB303-2EEE-4350-8E12-34D8E43BAE78}.Release|Any CPU.Build.0 = Release|Any CPU
		{0AB56109-1676-4EA0-B299-B6F5E090451A}.Debug|Any CPU.ActiveCfg = Debug|Any CPU
		{0AB56109-1676-4EA0-B299-B6F5E090451A}.Debug|Any CPU.Build.0 = Debug|Any CPU
		{0AB56109-1676-4EA0-B299-B6F5E090451A}.Release|Any CPU.ActiveCfg = Release|Any CPU
		{0AB56109-1676-4EA0-B299-B6F5E090451A}.Release|Any CPU.Build.0 = Release|Any CPU
	EndGlobalSection
	GlobalSection(SolutionProperties) = preSolution
		HideSolutionNode = FALSE
	EndGlobalSection
	GlobalSection(NestedProjects) = preSolution
		{85BECBBD-003E-4B00-952B-004D5613570F} = {68CB4268-C177-4F42-BAEE-90E6E14ACE02}
		{A4FF6513-9A87-42C1-A69D-C28A88557508} = {68CB4268-C177-4F42-BAEE-90E6E14ACE02}
		{D508EADE-2C2C-4778-AA30-846113E8EA26} = {68CB4268-C177-4F42-BAEE-90E6E14ACE02}
		{06DFB303-2EEE-4350-8E12-34D8E43BAE78} = {68CB4268-C177-4F42-BAEE-90E6E14ACE02}
		{0AB56109-1676-4EA0-B299-B6F5E090451A} = {68CB4268-C177-4F42-BAEE-90E6E14ACE02}
	EndGlobalSection
EndGlobal
